{
    "_readme": [
        "This file locks the dependencies of your project to a known state",
        "Read more about it at http://getcomposer.org/doc/01-basic-usage.md#composer-lock-the-lock-file",
        "This file is @generated automatically"
    ],
    "hash": "527569741b04e5514e3d4f7d0cccdf01",
    "packages": [
        {
            "name": "nodasoft/abcp_api_client",
            "version": "1.1",
            "source": {
                "type": "git",
                "url": "https://github.com/NodaSoftLtd/ABCPApiClient.git",
                "reference": "de38bc7c8d3912ace729fe5512b1bb349f6b2b48"
            },
            "dist": {
                "type": "zip",
                "url": "https://api.github.com/repos/NodaSoftLtd/ABCPApiClient/zipball/de38bc7c8d3912ace729fe5512b1bb349f6b2b48",
                "reference": "de38bc7c8d3912ace729fe5512b1bb349f6b2b48",
                "shasum": ""
            },
            "require": {
                "php": ">=5.3.10"
            },
            "type": "library",
            "autoload": {
                "psr-4": {
                    "NS\\ABCPApi\\": "src/"
                }
            },
            "notification-url": "https://packagist.org/downloads/",
            "license": [
                "MIT"
            ],
            "authors": [
                {
                    "name": "Anton Kochnev",
                    "email": "flk@nodasoft.com",
                    "homepage": "http://abcp.ru",
                    "role": "Developer"
                }
            ],
            "description": "Rest клиент для ABCP API",
            "homepage": "http://github.com/NodaSoftLtd/ABCPApiClient",
            "keywords": [
                "abcp",
                "api",
                "nodasoft",
                "restfull client"
            ],
            "time": "2015-01-27 12:53:54"
        },
        {
            "name": "smarty/smarty",
            "version": "v3.1.19",
            "source": {
                "type": "git",
                "url": "https://github.com/smarty-php/smarty.git",
                "reference": "be0fd3186ceec57e4da9a44031f517c06ae2418a"
            },
            "dist": {
                "type": "zip",
                "url": "https://api.github.com/repos/smarty-php/smarty/zipball/be0fd3186ceec57e4da9a44031f517c06ae2418a",
                "reference": "be0fd3186ceec57e4da9a44031f517c06ae2418a",
                "shasum": ""
            },
            "require": {
                "php": ">=5.2"
            },
            "type": "library",
            "extra": {
                "branch-alias": {
                    "dev-master": "3.1.x-dev"
                }
            },
            "autoload": {
                "classmap": [
                    "libs/Smarty.class.php",
                    "libs/SmartyBC.class.php",
                    "libs/sysplugins/smarty_security.php"
                ]
            },
            "notification-url": "https://packagist.org/downloads/",
            "license": [
                "LGPL-3.0"
            ],
            "authors": [
                {
                    "name": "Monte Ohrt",
                    "email": "monte@ohrt.com"
                },
                {
                    "name": "Uwe Tews",
                    "email": "uwe.tews@googlemail.com"
                },
                {
                    "name": "Rodney Rehm",
                    "email": "rodney.rehm@medialize.de"
                }
            ],
            "description": "Smarty - the compiling PHP template engine",
            "homepage": "http://www.smarty.net",
            "keywords": [
                "templating"
            ],
            "time": "2014-10-31 01:29:14"
        }
    ],
    "packages-dev": [],
    "aliases": [],
    "minimum-stability": "dev",
    "stability-flags": [],
    "prefer-stable": false,
    "prefer-lowest": false,
    "platform": [],
    "platform-dev": []
}
