{
    "_readme": [
        "This file locks the dependencies of your project to a known state",
        "Read more about it at https://getcomposer.org/doc/01-basic-usage.md#composer-lock-the-lock-file",
        "This file is @generated automatically"
    ],
    "hash": "e8403351eab06230e02718b5acb6c460",
    "content-hash": "4eacc69421e533b48ec260628fe3ab85",
    "packages": [
        {
            "name": "nodasoft/abcp_api_client",
            "version": "3.5.0",
            "source": {
                "type": "git",
                "url": "https://github.com/NodaSoftLtd/ABCPApiClient.git",
                "reference": "3c1656789959421d9789ca41a2d301a690cb49a6"
            },
            "dist": {
                "type": "zip",
                "url": "https://api.github.com/repos/NodaSoftLtd/ABCPApiClient/zipball/3c1656789959421d9789ca41a2d301a690cb49a6",
                "reference": "3c1656789959421d9789ca41a2d301a690cb49a6",
                "shasum": ""
            },
            "require": {
                "php": ">=5.3.10"
            },
            "type": "library",
            "autoload": {
                "psr-4": {
                    "NS\\ABCPApi\\": "src/"
                }
            },
            "notification-url": "https://packagist.org/downloads/",
            "license": [
                "MIT"
            ],
            "authors": [
                {
                    "name": "Anton Kochnev",
                    "email": "flk@nodasoft.com",
                    "homepage": "http://abcp.ru",
                    "role": "Developer"
                }
            ],
            "description": "Rest клиент для ABCP API",
            "homepage": "http://github.com/NodaSoftLtd/ABCPApiClient",
            "keywords": [
                "abcp",
                "api",
                "nodasoft",
                "restfull client"
            ],
            "time": "2017-06-29 10:23:17"
        },
        {
            "name": "smarty/smarty",
            "version": "v3.1.30",
            "source": {
                "type": "git",
                "url": "https://github.com/smarty-php/smarty.git",
                "reference": "ed2b7f1146cfda13df1eea8a5f707a1b771b6e7e"
            },
            "dist": {
                "type": "zip",
                "url": "https://api.github.com/repos/smarty-php/smarty/zipball/ed2b7f1146cfda13df1eea8a5f707a1b771b6e7e",
                "reference": "ed2b7f1146cfda13df1eea8a5f707a1b771b6e7e",
                "shasum": ""
            },
            "require": {
                "php": ">=5.2"
            },
            "type": "library",
            "extra": {
                "branch-alias": {
                    "dev-master": "3.1.x-dev"
                }
            },
            "autoload": {
                "classmap": [
                    "libs/Smarty.class.php",
                    "libs/SmartyBC.class.php",
                    "libs/sysplugins/"
                ]
            },
            "notification-url": "https://packagist.org/downloads/",
            "license": [
                "LGPL-3.0"
            ],
            "authors": [
                {
                    "name": "Monte Ohrt",
                    "email": "monte@ohrt.com"
                },
                {
                    "name": "Uwe Tews",
                    "email": "uwe.tews@googlemail.com"
                },
                {
                    "name": "Rodney Rehm",
                    "email": "rodney.rehm@medialize.de"
                }
            ],
            "description": "Smarty - the compiling PHP template engine",
            "homepage": "http://www.smarty.net",
            "keywords": [
                "templating"
            ],
            "time": "2016-08-07 18:46:49"
        }
    ],
    "packages-dev": [],
    "aliases": [],
    "minimum-stability": "dev",
    "stability-flags": [],
    "prefer-stable": false,
    "prefer-lowest": false,
    "platform": [],
    "platform-dev": []
}
