{
    "_readme": [
        "This file locks the dependencies of your project to a known state",
        "Read more about it at https://getcomposer.org/doc/01-basic-usage.md#composer-lock-the-lock-file",
        "This file is @generated automatically"
    ],
    "hash": "bb1e1ba2ac728ba83f33ab8e5a4d447c",
    "content-hash": "1117dcfca4ee84ad37c725c3c06c43c6",
    "packages": [
        {
            "name": "nodasoft/abcp_api_client",
            "version": "1.2",
            "source": {
                "type": "git",
                "url": "https://github.com/NodaSoftLtd/ABCPApiClient.git",
                "reference": "ebd67a82f838c1cef0843b8dd810e33f2705782d"
            },
            "dist": {
                "type": "zip",
                "url": "https://api.github.com/repos/NodaSoftLtd/ABCPApiClient/zipball/ebd67a82f838c1cef0843b8dd810e33f2705782d",
                "reference": "ebd67a82f838c1cef0843b8dd810e33f2705782d",
                "shasum": ""
            },
            "require": {
                "php": ">=5.3.10"
            },
            "type": "library",
            "autoload": {
                "psr-4": {
                    "NS\\ABCPApi\\": "src/"
                }
            },
            "notification-url": "https://packagist.org/downloads/",
            "license": [
                "MIT"
            ],
            "authors": [
                {
                    "name": "Anton Kochnev",
                    "email": "flk@nodasoft.com",
                    "homepage": "http://abcp.ru",
                    "role": "Developer"
                }
            ],
            "description": "Rest клиент для ABCP API",
            "homepage": "http://github.com/NodaSoftLtd/ABCPApiClient",
            "keywords": [
                "abcp",
                "api",
                "nodasoft",
                "restfull client"
            ],
            "time": "2015-11-19 09:33:25"
        },
        {
            "name": "smarty/smarty",
            "version": "v3.1.19",
            "source": {
                "type": "git",
                "url": "https://github.com/smarty-php/smarty.git",
                "reference": "be0fd3186ceec57e4da9a44031f517c06ae2418a"
            },
            "dist": {
                "type": "zip",
                "url": "https://api.github.com/repos/smarty-php/smarty/zipball/be0fd3186ceec57e4da9a44031f517c06ae2418a",
                "reference": "be0fd3186ceec57e4da9a44031f517c06ae2418a",
                "shasum": ""
            },
            "require": {
                "php": ">=5.2"
            },
            "type": "library",
            "extra": {
                "branch-alias": {
                    "dev-master": "3.1.x-dev"
                }
            },
            "autoload": {
                "classmap": [
                    "libs/Smarty.class.php",
                    "libs/SmartyBC.class.php",
                    "libs/sysplugins/smarty_security.php"
                ]
            },
            "notification-url": "https://packagist.org/downloads/",
            "license": [
                "LGPL-3.0"
            ],
            "authors": [
                {
                    "name": "Monte Ohrt",
                    "email": "monte@ohrt.com"
                },
                {
                    "name": "Uwe Tews",
                    "email": "uwe.tews@googlemail.com"
                },
                {
                    "name": "Rodney Rehm",
                    "email": "rodney.rehm@medialize.de"
                }
            ],
            "description": "Smarty - the compiling PHP template engine",
            "homepage": "http://www.smarty.net",
            "keywords": [
                "templating"
            ],
            "time": "2014-10-31 01:29:14"
        }
    ],
    "packages-dev": [],
    "aliases": [],
    "minimum-stability": "dev",
    "stability-flags": [],
    "prefer-stable": false,
    "prefer-lowest": false,
    "platform": [],
    "platform-dev": []
}
